
Microsoft Visual Studio Solution File, Format Version 12.00
# Visual Studio Version 16
VisualStudioVersion = 16.0.31112.23
MinimumVisualStudioVersion = 10.0.40219.1
Project("{FAE04EC0-301F-11D3-BF4B-00C04F79EFBC}") = "Lista3", "Lista3\Lista3.csproj", "{AA0AA94C-9E08-40CB-8FE2-26B2B2EF0CCB}"
EndProject
Global
	GlobalSection(SolutionConfigurationPlatforms) = preSolution
		Debug|Any CPU = Debug|Any CPU
		Release|Any CPU = Release|Any CPU
	EndGlobalSection
	GlobalSection(ProjectConfigurationPlatforms) = postSolution
		{AA0AA94C-9E08-40CB-8FE2-26B2B2EF0CCB}.Debug|Any CPU.ActiveCfg = Debug|Any CPU
		{AA0AA94C-9E08-40CB-8FE2-26B2B2EF0CCB}.Debug|Any CPU.Build.0 = Debug|Any CPU
		{AA0AA94C-9E08-40CB-8FE2-26B2B2EF0CCB}.Release|Any CPU.ActiveCfg = Release|Any CPU
		{AA0AA94C-9E08-40CB-8FE2-26B2B2EF0CCB}.Release|Any CPU.Build.0 = Release|Any CPU
	EndGlobalSection
	GlobalSection(SolutionProperties) = preSolution
		HideSolutionNode = FALSE
	EndGlobalSection
	GlobalSection(ExtensibilityGlobals) = postSolution
		SolutionGuid = {23F5EF0F-173E-447F-BDFD-303F903C195A}
	EndGlobalSection
EndGlobal
